
Microsoft Visual Studio Solution File, Format Version 12.00
Project("{FAE04EC0-301F-11D3-BF4B-00C04F79EFBC}") = "WatchList.Domain", "WatchList.Domain\WatchList.Domain.csproj", "{F58D5F21-95CC-4835-8045-CE951E61D736}"
EndProject
Project("{FAE04EC0-301F-11D3-BF4B-00C04F79EFBC}") = "WatchList.Infrastructure", "WatchList.Infrastructure\WatchList.Infrastructure.csproj", "{BB2BB30E-D530-47B8-BA42-90518DB85178}"
EndProject
Project("{FAE04EC0-301F-11D3-BF4B-00C04F79EFBC}") = "WatchList.DependencyInjection", "WatchList.DependencyInjection\WatchList.DependencyInjection.csproj", "{B1139767-1BA2-4CC9-9DD5-AC5B7C02EAF9}"
EndProject
Project("{FAE04EC0-301F-11D3-BF4B-00C04F79EFBC}") = "WatchList.Tests", "WatchList.Tests\WatchList.Tests.csproj", "{E12F82C6-1FEB-47D6-AA19-0AED9B24FE9E}"
EndProject
Project("{2150E333-8FDC-42A3-9474-1A3956D46DE8}") = "UI", "UI", "{0B1DD17B-A1F4-4653-97AB-09DAE79C1B37}"
EndProject
Project("{FAE04EC0-301F-11D3-BF4B-00C04F79EFBC}") = "WatchList.Blazor", "WatchList.Blazor\WatchList.Blazor.csproj", "{70D2F120-FBFE-42EE-ADB4-13D829EBC60A}"
EndProject
Global
	GlobalSection(SolutionConfigurationPlatforms) = preSolution
		Debug|Any CPU = Debug|Any CPU
		Release|Any CPU = Release|Any CPU
	EndGlobalSection
	GlobalSection(ProjectConfigurationPlatforms) = postSolution
		{F58D5F21-95CC-4835-8045-CE951E61D736}.Debug|Any CPU.ActiveCfg = Debug|Any CPU
		{F58D5F21-95CC-4835-8045-CE951E61D736}.Debug|Any CPU.Build.0 = Debug|Any CPU
		{F58D5F21-95CC-4835-8045-CE951E61D736}.Release|Any CPU.ActiveCfg = Release|Any CPU
		{F58D5F21-95CC-4835-8045-CE951E61D736}.Release|Any CPU.Build.0 = Release|Any CPU
		{BB2BB30E-D530-47B8-BA42-90518DB85178}.Debug|Any CPU.ActiveCfg = Debug|Any CPU
		{BB2BB30E-D530-47B8-BA42-90518DB85178}.Debug|Any CPU.Build.0 = Debug|Any CPU
		{BB2BB30E-D530-47B8-BA42-90518DB85178}.Release|Any CPU.ActiveCfg = Release|Any CPU
		{BB2BB30E-D530-47B8-BA42-90518DB85178}.Release|Any CPU.Build.0 = Release|Any CPU
		{B1139767-1BA2-4CC9-9DD5-AC5B7C02EAF9}.Debug|Any CPU.ActiveCfg = Debug|Any CPU
		{B1139767-1BA2-4CC9-9DD5-AC5B7C02EAF9}.Debug|Any CPU.Build.0 = Debug|Any CPU
		{B1139767-1BA2-4CC9-9DD5-AC5B7C02EAF9}.Release|Any CPU.ActiveCfg = Release|Any CPU
		{B1139767-1BA2-4CC9-9DD5-AC5B7C02EAF9}.Release|Any CPU.Build.0 = Release|Any CPU
		{E12F82C6-1FEB-47D6-AA19-0AED9B24FE9E}.Debug|Any CPU.ActiveCfg = Debug|Any CPU
		{E12F82C6-1FEB-47D6-AA19-0AED9B24FE9E}.Debug|Any CPU.Build.0 = Debug|Any CPU
		{E12F82C6-1FEB-47D6-AA19-0AED9B24FE9E}.Release|Any CPU.ActiveCfg = Release|Any CPU
		{E12F82C6-1FEB-47D6-AA19-0AED9B24FE9E}.Release|Any CPU.Build.0 = Release|Any CPU
		{70D2F120-FBFE-42EE-ADB4-13D829EBC60A}.Debug|Any CPU.ActiveCfg = Debug|Any CPU
		{70D2F120-FBFE-42EE-ADB4-13D829EBC60A}.Debug|Any CPU.Build.0 = Debug|Any CPU
		{70D2F120-FBFE-42EE-ADB4-13D829EBC60A}.Release|Any CPU.ActiveCfg = Release|Any CPU
		{70D2F120-FBFE-42EE-ADB4-13D829EBC60A}.Release|Any CPU.Build.0 = Release|Any CPU
	EndGlobalSection
	GlobalSection(NestedProjects) = preSolution
		{70D2F120-FBFE-42EE-ADB4-13D829EBC60A} = {0B1DD17B-A1F4-4653-97AB-09DAE79C1B37}
	EndGlobalSection
EndGlobal
